{
    "_readme": [
        "This file locks the dependencies of your project to a known state",
        "Read more about it at https://getcomposer.org/doc/01-basic-usage.md#installing-dependencies",
        "This file is @generated automatically"
    ],
    "content-hash": "a37745b1a9c61392ce36ab84334f7d41",
    "packages": [],
    "packages-dev": [
        {
            "name": "mehr-als-nix/parallel",
            "version": "v1.0.0",
            "source": {
                "type": "git",
                "url": "https://github.com/MehrAlsNix/Parallel.git",
                "reference": "14a71eb1a8f851108bed4a5b32d1c1027976e8f3"
            },
            "dist": {
                "type": "zip",
                "url": "https://api.github.com/repos/MehrAlsNix/Parallel/zipball/14a71eb1a8f851108bed4a5b32d1c1027976e8f3",
                "reference": "14a71eb1a8f851108bed4a5b32d1c1027976e8f3",
                "shasum": ""
            },
            "require-dev": {
                "phpunit/phpunit": "^6.5"
            },
            "type": "library",
            "autoload": {
                "psr-4": {
                    "MehrAlsNix\\Parallel\\": "src"
                }
            },
            "notification-url": "https://packagist.org/downloads/",
            "license": [
                "MIT"
            ],
            "authors": [
                {
                    "name": "siad007",
                    "email": "siad.ardroumli@gmail.com"
                }
            ],
            "description": "This package is a port of PhpDumentor/Parallel",
            "time": "2017-12-10T12:33:51+00:00"
        },
        {
            "name": "phing/phing",
            "version": "dev-master",
            "source": {
                "type": "git",
                "url": "https://github.com/phingofficial/phing.git",
                "reference": "fd7e8653a90f58b85640e3e16d6c58c902282916"
            },
            "dist": {
                "type": "zip",
                "url": "https://api.github.com/repos/phingofficial/phing/zipball/fd7e8653a90f58b85640e3e16d6c58c902282916",
                "reference": "fd7e8653a90f58b85640e3e16d6c58c902282916",
                "shasum": ""
            },
            "require": {
                "mehr-als-nix/parallel": "^v1.0",
                "phing/phing-composer-configurator": "dev-master",
                "phing/task-apigen": "dev-master",
                "phing/task-coverage": "dev-master",
                "phing/task-ftpdeploy": "dev-master",
                "phing/task-ioncube": "dev-master",
                "phing/task-liquibase": "dev-master",
                "phing/task-phkpackage": "dev-master",
                "php": "^7.1 || ^7.2 || ^7.3 || ^7.4",
                "sebastian/version": "^2.0",
                "symfony/console": "^2.8 || ^3.1 || ^4.0 || ^5.0",
                "symfony/yaml": "^2.8 || ^3.1 || ^4.0 || ^5.0"
            },
            "require-dev": {
                "aws/aws-sdk-php": "^3.112",
                "ext-pdo_sqlite": "*",
                "jawira/plantuml-encoding": "^1.0",
                "mikey179/vfsstream": "^1.6",
                "monolog/monolog": "^1.25 || ^2.0",
                "pdepend/pdepend": "^2.5.2",
                "pear/archive_tar": "~1.4.7",
                "pear/http_request2": "^2.3",
                "pear/net_growl": "dev-master",
                "pear/pear-core-minimal": "~1.10.9",
                "pear/versioncontrol_git": "dev-master",
                "pear/versioncontrol_svn": "~0.5",
                "phploc/phploc": "^4.0 || ^5.0",
                "phpmd/phpmd": "~2.7",
                "phpunit/phpunit": "^7.5 || ^8.0",
                "scssphp/scssphp": "~1.0",
                "sebastian/phpcpd": "^4.1",
                "siad007/versioncontrol_hg": "^1.0",
                "squizlabs/php_codesniffer": "^2.9 || ^3.5",
                "symfony/dependency-injection": "^2.8.50 || ^3.4.26 || ~4.1.12 || >4.2.7 <6.0.0",
                "symfony/stopwatch": "~2.8 || ^3.1 || ^4.0 || ^5.0",
                "tedivm/jshrink": "^1.3"
            },
            "suggest": {
                "aws/aws-sdk-php": "AWS SDK used by S3*Tasks",
                "jawira/plantuml-encoding": "Required by VisualizerTask",
                "monolog/monolog": "Required by the MonologListener",
                "pdepend/pdepend": "PHP version of JDepend",
                "pear/archive_tar": "Tar file management class",
                "pear/versioncontrol_git": "A library that provides OO interface to handle Git repository",
                "pear/versioncontrol_svn": "A simple OO-style interface for Subversion, the free/open-source version control system",
                "phpdocumentor/phpdocumentor": "Documentation Generator for PHP",
                "phploc/phploc": "A tool for quickly measuring the size of a PHP project",
                "phpmd/phpmd": "PHP version of PMD tool",
                "phpunit/php-code-coverage": "Library that provides collection, processing, and rendering functionality for PHP code coverage information",
                "phpunit/phpunit": "The PHP Unit Testing Framework",
                "scssphp/scssphp": "A compiler for SCSS written in PHP, used by SassTask",
                "sebastian/phpcpd": "Copy/Paste Detector (CPD) for PHP code",
                "siad007/versioncontrol_hg": "A library for interfacing with Mercurial repositories.",
                "symfony/stopwatch": "Needed by the StopwatchTask",
                "tedivm/jshrink": "Javascript Minifier built in PHP"
            },
            "bin": [
                "bin/phing"
            ],
            "type": "library",
            "extra": {
                "branch-alias": {
                    "dev-master": "3.0.x-dev"
                }
            },
            "autoload": {
                "classmap": [
                    "classes/phing/"
                ]
            },
            "notification-url": "https://packagist.org/downloads/",
            "include-path": [
                "classes"
            ],
            "license": [
                "LGPL-3.0-only"
            ],
            "authors": [
                {
                    "name": "Michiel Rook",
                    "email": "mrook@php.net"
                },
                {
                    "name": "Phing Community",
                    "homepage": "https://github.com/phingofficial/phing/blob/master/CREDITS.md"
                }
            ],
            "description": "PHing Is Not GNU make; it's a PHP project build system or build tool based on Apache Ant.",
            "homepage": "https://www.phing.info/",
            "keywords": [
                "ant",
                "build",
                "build-automation",
                "build-tool",
                "make",
                "phing",
                "php",
                "task",
                "tool"
            ],
            "time": "2020-02-09T14:23:43+00:00"
        },
        {
            "name": "phing/phing-composer-configurator",
            "version": "dev-master",
            "source": {
                "type": "git",
                "url": "https://github.com/phingofficial/phing-composer-configurator.git",
                "reference": "48836a4babe056c796ae8147a5aa52c335f04c36"
            },
            "dist": {
                "type": "zip",
                "url": "https://api.github.com/repos/phingofficial/phing-composer-configurator/zipball/48836a4babe056c796ae8147a5aa52c335f04c36",
                "reference": "48836a4babe056c796ae8147a5aa52c335f04c36",
                "shasum": ""
            },
            "require": {
                "composer-plugin-api": "^1.1",
                "php": ">= 7.1"
            },
            "require-dev": {
                "composer/composer": "^1.9.1",
                "ergebnis/composer-normalize": "^2.0.2",
                "ergebnis/phpstan-rules": "^0.14.2",
                "mikey179/vfsstream": "^1.6.8",
                "pepakriz/phpstan-exception-rules": "^0.10.1",
                "phpstan/phpstan": "^0.12.4",
                "phpstan/phpstan-beberlei-assert": "^0.12.2",
                "phpstan/phpstan-deprecation-rules": "^0.12.1",
                "phpstan/phpstan-phpunit": "^0.12.5",
                "phpstan/phpstan-strict-rules": "^0.12.1",
                "phpunit/phpunit": "^7.5.20 || ^8.5.0",
                "roave/security-advisories": "dev-master",
                "squizlabs/php_codesniffer": "^3.5.3"
            },
            "type": "composer-plugin",
            "extra": {
                "class": [
                    "Phing\\PhingComposerConfigurator\\ExtensionInstallerPlugin"
                ]
            },
            "autoload": {
                "psr-4": {
                    "Phing\\PhingComposerConfigurator\\": "src"
                }
            },
            "notification-url": "https://packagist.org/downloads/",
            "license": [
                "LGPL-3.0-only"
            ],
            "authors": [
                {
                    "name": "Siad Ardroumli",
                    "email": "siad.ardroumli@gmail.com"
                },
                {
                    "name": "Phing Community",
                    "homepage": "https://github.com/phingofficial/phing/blob/master/CREDITS.md"
                }
            ],
            "description": "PHing Is Not GNU make; it's a PHP project build system or build tool based on Apache Ant.",
            "homepage": "https://www.phing.info/",
            "keywords": [
                "ant",
                "build",
                "build-automation",
                "build-tool",
                "make",
                "phing",
                "php",
                "task",
                "tool"
            ],
            "time": "2020-01-27T20:24:36+00:00"
        },
        {
            "name": "phing/task-apigen",
            "version": "dev-master",
            "source": {
                "type": "git",
                "url": "https://github.com/phingofficial/task-apigen.git",
                "reference": "91cbdd1a179fc8335db0dc81fc21b75821fbf90c"
            },
            "dist": {
                "type": "zip",
                "url": "https://api.github.com/repos/phingofficial/task-apigen/zipball/91cbdd1a179fc8335db0dc81fc21b75821fbf90c",
                "reference": "91cbdd1a179fc8335db0dc81fc21b75821fbf90c",
                "shasum": ""
            },
            "require": {
                "php": ">= 7.1"
            },
            "require-dev": {
                "phing/phing": "3.0.x-dev"
            },
            "type": "phing-extension",
            "extra": {
                "phing-custom-taskdefs": {
                    "apigen": "Phing\\Tasks\\Ext\\ApiGenTask"
                }
            },
            "autoload": {
                "psr-4": {
                    "Phing\\Tasks\\Ext\\": "src/"
                }
            },
            "notification-url": "https://packagist.org/downloads/",
            "license": [
                "LGPL-3.0-only"
            ],
            "authors": [
                {
                    "name": "Siad Ardroumli",
                    "email": "siad.ardroumli@gmail.com"
                }
            ],
            "description": "Task for ApiGen, a tool for creating professional API documentation from PHP source code.",
            "time": "2020-01-01T14:03:10+00:00"
        },
        {
            "name": "phing/task-coverage",
            "version": "dev-master",
            "source": {
                "type": "git",
                "url": "https://github.com/phingofficial/task-coverage.git",
                "reference": "ef0c259cdb0312953dcdfb655efcf4584b8e065c"
            },
            "dist": {
                "type": "zip",
                "url": "https://api.github.com/repos/phingofficial/task-coverage/zipball/ef0c259cdb0312953dcdfb655efcf4584b8e065c",
                "reference": "ef0c259cdb0312953dcdfb655efcf4584b8e065c",
                "shasum": ""
            },
            "require": {
                "php": ">= 7.1"
            },
            "require-dev": {
                "phing/phing": "3.0.x-dev"
            },
            "type": "phing-extension",
            "extra": {
                "phing-custom-taskdefs": {
                    "coverage-setup": "Phing\\Tasks\\Ext\\Coverage\\CoverageSetupTask",
                    "coverage-merger": "Phing\\Tasks\\Ext\\Coverage\\CoverageMergerTask",
                    "coverage-report": "Phing\\Tasks\\Ext\\Coverage\\CoverageReportTask",
                    "coverage-threshold": "Phing\\Tasks\\Ext\\Coverage\\CoverageThresholdTask"
                }
            },
            "autoload": {
                "psr-4": {
                    "Phing\\Tasks\\Ext\\Coverage\\": "src/"
                }
            },
            "notification-url": "https://packagist.org/downloads/",
            "license": [
                "LGPL-3.0-only"
            ],
            "authors": [
                {
                    "name": "Siad Ardroumli",
                    "email": "siad.ardroumli@gmail.com"
                }
            ],
            "description": "coverage database tasks which can be used to gather code coverage information for unit tests.",
            "time": "2020-01-05T16:35:58+00:00"
        },
        {
            "name": "phing/task-ftpdeploy",
            "version": "dev-master",
            "source": {
                "type": "git",
                "url": "https://github.com/phingofficial/task-ftpdeploy.git",
                "reference": "9de872c7f183adfb6f275b86723ae7fa99833925"
            },
            "dist": {
                "type": "zip",
                "url": "https://api.github.com/repos/phingofficial/task-ftpdeploy/zipball/9de872c7f183adfb6f275b86723ae7fa99833925",
                "reference": "9de872c7f183adfb6f275b86723ae7fa99833925",
                "shasum": ""
            },
            "require": {
                "php": ">= 7.1"
            },
            "require-dev": {
                "pear/net_ftp": "dev-master",
                "pear/pear-core-minimal": "~1.10.9",
                "phing/phing": "3.0.x-dev"
            },
            "type": "phing-extension",
            "extra": {
                "phing-custom-taskdefs": {
                    "ftpdeploy": "Phing\\Tasks\\Ext\\FtpDeployTask"
                }
            },
            "autoload": {
                "psr-4": {
                    "Phing\\Tasks\\Ext\\": "src/"
                }
            },
            "notification-url": "https://packagist.org/downloads/",
            "license": [
                "LGPL-3.0-only"
            ],
            "authors": [
                {
                    "name": "Siad Ardroumli",
                    "email": "siad.ardroumli@gmail.com"
                }
            ],
            "description": "Deploys a set of files to a remote FTP server.",
            "time": "2020-01-28T18:30:34+00:00"
        },
        {
            "name": "phing/task-ioncube",
            "version": "dev-master",
            "source": {
                "type": "git",
                "url": "https://github.com/phingofficial/task-ioncube.git",
                "reference": "dcd7f3b1f7a41b431510e6856b6c10d323fb5e65"
            },
            "dist": {
                "type": "zip",
                "url": "https://api.github.com/repos/phingofficial/task-ioncube/zipball/dcd7f3b1f7a41b431510e6856b6c10d323fb5e65",
                "reference": "dcd7f3b1f7a41b431510e6856b6c10d323fb5e65",
                "shasum": ""
            },
            "require": {
                "php": ">= 7.1"
            },
            "require-dev": {
                "phing/phing": "3.0.x-dev"
            },
            "type": "phing-extension",
            "extra": {
                "phing-custom-taskdefs": {
                    "ioncubeencoder": "Phing\\Tasks\\Ext\\IoncubeEncoderTask",
                    "ioncubelicense": "Phing\\Tasks\\Ext\\IoncubeLicenseTask"
                }
            },
            "autoload": {
                "psr-4": {
                    "Phing\\Tasks\\Ext\\": "src/"
                }
            },
            "notification-url": "https://packagist.org/downloads/",
            "license": [
                "LGPL-3.0-only"
            ],
            "authors": [
                {
                    "name": "Siad Ardroumli",
                    "email": "siad.ardroumli@gmail.com"
                }
            ],
            "description": "The Ioncube tasks executes ionCube commands.",
            "time": "2020-02-01T10:21:04+00:00"
        },
        {
            "name": "phing/task-liquibase",
            "version": "dev-master",
            "source": {
                "type": "git",
                "url": "https://github.com/phingofficial/task-liquibase.git",
                "reference": "e9060a0ae1ac5d011c3e0d6ddeea8abc8fdb5bda"
            },
            "dist": {
                "type": "zip",
                "url": "https://api.github.com/repos/phingofficial/task-liquibase/zipball/e9060a0ae1ac5d011c3e0d6ddeea8abc8fdb5bda",
                "reference": "e9060a0ae1ac5d011c3e0d6ddeea8abc8fdb5bda",
                "shasum": ""
            },
            "require": {
                "php": ">= 7.1"
            },
            "require-dev": {
                "phing/phing": "3.0.x-dev"
            },
            "type": "phing-extension",
            "extra": {
                "phing-custom-taskdefs": {
                    "liquibase-changelog": "Phing\\Tasks\\Ext\\LiquibaseChangeLogTask",
                    "liquibase-dbdoc": "Phing\\Tasks\\Ext\\LiquibaseDbDocTask",
                    "liquibase-diff": "Phing\\Tasks\\Ext\\LiquibaseDiffTask",
                    "liquibase-rollback": "Phing\\Tasks\\Ext\\LiquibaseRollbackTask",
                    "liquibase-tag": "Phing\\Tasks\\Ext\\LiquibaseTagTask",
                    "liquibase-update": "Phing\\Tasks\\Ext\\LiquibaseUpdateTask",
                    "liquibase": "Phing\\Tasks\\Ext\\LiquibaseTask"
                }
            },
            "autoload": {
                "psr-4": {
                    "Phing\\Tasks\\Ext\\": "src/"
                }
            },
            "notification-url": "https://packagist.org/downloads/",
            "license": [
                "LGPL-3.0-only"
            ],
            "authors": [
                {
                    "name": "Siad Ardroumli",
                    "email": "siad.ardroumli@gmail.com"
                }
            ],
            "description": "The LiquibaseTask is a generic task for liquibase commands that don't require extra command parameters.",
            "time": "2020-01-01T14:29:40+00:00"
        },
        {
            "name": "phing/task-phkpackage",
            "version": "dev-master",
            "source": {
                "type": "git",
                "url": "https://github.com/phingofficial/task-phkpackage.git",
                "reference": "d873f2c337e863353e93723f88c64fe611787d21"
            },
            "dist": {
                "type": "zip",
                "url": "https://api.github.com/repos/phingofficial/task-phkpackage/zipball/d873f2c337e863353e93723f88c64fe611787d21",
                "reference": "d873f2c337e863353e93723f88c64fe611787d21",
                "shasum": ""
            },
            "require": {
                "php": ">= 7.1"
            },
            "require-dev": {
                "phing/phing": "3.0.x-dev"
            },
            "type": "phing-extension",
            "extra": {
                "phing-custom-taskdefs": {
                    "phkpackage": "Phing\\Tasks\\Ext\\PhkPackageTask"
                }
            },
            "autoload": {
                "psr-4": {
                    "Phing\\Tasks\\Ext\\": "src/"
                }
            },
            "notification-url": "https://packagist.org/downloads/",
            "license": [
                "LGPL-3.0-only"
            ],
            "authors": [
                {
                    "name": "Siad Ardroumli",
                    "email": "siad.ardroumli@gmail.com"
                }
            ],
            "description": "This task runs PHK_Creator.phk to build PHK-package.",
            "time": "2020-01-31T22:14:03+00:00"
        },
        {
            "name": "psr/container",
            "version": "dev-master",
            "source": {
                "type": "git",
                "url": "https://github.com/php-fig/container.git",
                "reference": "fc1bc363ecf887921e3897c7b1dad3587ae154eb"
            },
            "dist": {
                "type": "zip",
                "url": "https://api.github.com/repos/php-fig/container/zipball/fc1bc363ecf887921e3897c7b1dad3587ae154eb",
                "reference": "fc1bc363ecf887921e3897c7b1dad3587ae154eb",
                "shasum": ""
            },
            "require": {
                "php": ">=5.3.0"
            },
            "type": "library",
            "extra": {
                "branch-alias": {
                    "dev-master": "1.0.x-dev"
                }
            },
            "autoload": {
                "psr-4": {
                    "Psr\\Container\\": "src/"
                }
            },
            "notification-url": "https://packagist.org/downloads/",
            "license": [
                "MIT"
            ],
            "authors": [
                {
                    "name": "PHP-FIG",
                    "homepage": "http://www.php-fig.org/"
                }
            ],
            "description": "Common Container Interface (PHP FIG PSR-11)",
            "homepage": "https://github.com/php-fig/container",
            "keywords": [
                "PSR-11",
                "container",
                "container-interface",
                "container-interop",
                "psr"
            ],
            "time": "2019-10-04T14:07:35+00:00"
        },
        {
            "name": "sebastian/version",
            "version": "2.0.1",
            "source": {
                "type": "git",
                "url": "https://github.com/sebastianbergmann/version.git",
                "reference": "99732be0ddb3361e16ad77b68ba41efc8e979019"
            },
            "dist": {
                "type": "zip",
                "url": "https://api.github.com/repos/sebastianbergmann/version/zipball/99732be0ddb3361e16ad77b68ba41efc8e979019",
                "reference": "99732be0ddb3361e16ad77b68ba41efc8e979019",
                "shasum": ""
            },
            "require": {
                "php": ">=5.6"
            },
            "type": "library",
            "extra": {
                "branch-alias": {
                    "dev-master": "2.0.x-dev"
                }
            },
            "autoload": {
                "classmap": [
                    "src/"
                ]
            },
            "notification-url": "https://packagist.org/downloads/",
            "license": [
                "BSD-3-Clause"
            ],
            "authors": [
                {
                    "name": "Sebastian Bergmann",
                    "email": "sebastian@phpunit.de",
                    "role": "lead"
                }
            ],
            "description": "Library that helps with managing the version number of Git-hosted PHP projects",
            "homepage": "https://github.com/sebastianbergmann/version",
            "time": "2016-10-03T07:35:21+00:00"
        },
        {
            "name": "symfony/console",
            "version": "dev-master",
            "source": {
                "type": "git",
                "url": "https://github.com/symfony/console.git",
                "reference": "96c819bc0e810e2ca2be99200032554b405c95df"
            },
            "dist": {
                "type": "zip",
                "url": "https://api.github.com/repos/symfony/console/zipball/96c819bc0e810e2ca2be99200032554b405c95df",
                "reference": "96c819bc0e810e2ca2be99200032554b405c95df",
                "shasum": ""
            },
            "require": {
                "php": "^7.2.5",
                "symfony/polyfill-mbstring": "~1.0",
                "symfony/polyfill-php73": "^1.8",
                "symfony/service-contracts": "^1.1|^2"
            },
            "conflict": {
                "symfony/dependency-injection": "<4.4",
                "symfony/dotenv": "<5.1",
                "symfony/event-dispatcher": "<4.4",
                "symfony/lock": "<4.4",
                "symfony/process": "<4.4"
            },
            "provide": {
                "psr/log-implementation": "1.0"
            },
            "require-dev": {
                "psr/log": "~1.0",
                "symfony/config": "^4.4|^5.0",
                "symfony/dependency-injection": "^4.4|^5.0",
                "symfony/event-dispatcher": "^4.4|^5.0",
                "symfony/lock": "^4.4|^5.0",
                "symfony/process": "^4.4|^5.0",
                "symfony/var-dumper": "^4.4|^5.0"
            },
            "suggest": {
                "psr/log": "For using the console logger",
                "symfony/event-dispatcher": "",
                "symfony/lock": "",
                "symfony/process": ""
            },
            "type": "library",
            "extra": {
                "branch-alias": {
                    "dev-master": "5.1-dev"
                }
            },
            "autoload": {
                "psr-4": {
                    "Symfony\\Component\\Console\\": ""
                },
                "exclude-from-classmap": [
                    "/Tests/"
                ]
            },
            "notification-url": "https://packagist.org/downloads/",
            "license": [
                "MIT"
            ],
            "authors": [
                {
                    "name": "Fabien Potencier",
                    "email": "fabien@symfony.com"
                },
                {
                    "name": "Symfony Community",
                    "homepage": "https://symfony.com/contributors"
                }
            ],
            "description": "Symfony Console Component",
            "homepage": "https://symfony.com",
            "time": "2020-02-07T08:49:04+00:00"
        },
        {
            "name": "symfony/deprecation-contracts",
            "version": "dev-master",
            "source": {
                "type": "git",
                "url": "https://github.com/symfony/deprecation-contracts.git",
                "reference": "8d169030e4790d955aa35e6be0e93d00fe3dd534"
            },
            "dist": {
                "type": "zip",
                "url": "https://api.github.com/repos/symfony/deprecation-contracts/zipball/8d169030e4790d955aa35e6be0e93d00fe3dd534",
                "reference": "8d169030e4790d955aa35e6be0e93d00fe3dd534",
                "shasum": ""
            },
            "require": {
                "php": "^7.1"
            },
            "type": "library",
            "extra": {
                "branch-alias": {
                    "dev-master": "2.1-dev"
                }
            },
            "autoload": {
                "files": [
                    "function.php"
                ]
            },
            "notification-url": "https://packagist.org/downloads/",
            "license": [
                "MIT"
            ],
            "authors": [
                {
                    "name": "Nicolas Grekas",
                    "email": "p@tchwork.com"
                },
                {
                    "name": "Symfony Community",
                    "homepage": "https://symfony.com/contributors"
                }
            ],
            "description": "A generic function and convention to trigger deprecation notices",
            "homepage": "https://symfony.com",
            "time": "2020-02-08T13:27:18+00:00"
        },
        {
            "name": "symfony/polyfill-ctype",
            "version": "dev-master",
            "source": {
                "type": "git",
                "url": "https://github.com/symfony/polyfill-ctype.git",
                "reference": "fbdeaec0df06cf3d51c93de80c7eb76e271f5a38"
            },
            "dist": {
                "type": "zip",
                "url": "https://api.github.com/repos/symfony/polyfill-ctype/zipball/fbdeaec0df06cf3d51c93de80c7eb76e271f5a38",
                "reference": "fbdeaec0df06cf3d51c93de80c7eb76e271f5a38",
                "shasum": ""
            },
            "require": {
                "php": ">=5.3.3"
            },
            "suggest": {
                "ext-ctype": "For best performance"
            },
            "type": "library",
            "extra": {
                "branch-alias": {
                    "dev-master": "1.14-dev"
                }
            },
            "autoload": {
                "psr-4": {
                    "Symfony\\Polyfill\\Ctype\\": ""
                },
                "files": [
                    "bootstrap.php"
                ]
            },
            "notification-url": "https://packagist.org/downloads/",
            "license": [
                "MIT"
            ],
            "authors": [
                {
                    "name": "Gert de Pagter",
                    "email": "BackEndTea@gmail.com"
                },
                {
                    "name": "Symfony Community",
                    "homepage": "https://symfony.com/contributors"
                }
            ],
            "description": "Symfony polyfill for ctype functions",
            "homepage": "https://symfony.com",
            "keywords": [
                "compatibility",
                "ctype",
                "polyfill",
                "portable"
            ],
            "time": "2020-01-13T11:15:53+00:00"
        },
        {
            "name": "symfony/polyfill-mbstring",
            "version": "dev-master",
            "source": {
                "type": "git",
                "url": "https://github.com/symfony/polyfill-mbstring.git",
                "reference": "34094cfa9abe1f0f14f48f490772db7a775559f2"
            },
            "dist": {
                "type": "zip",
                "url": "https://api.github.com/repos/symfony/polyfill-mbstring/zipball/34094cfa9abe1f0f14f48f490772db7a775559f2",
                "reference": "34094cfa9abe1f0f14f48f490772db7a775559f2",
                "shasum": ""
            },
            "require": {
                "php": ">=5.3.3"
            },
            "suggest": {
                "ext-mbstring": "For best performance"
            },
            "type": "library",
            "extra": {
                "branch-alias": {
                    "dev-master": "1.14-dev"
                }
            },
            "autoload": {
                "psr-4": {
                    "Symfony\\Polyfill\\Mbstring\\": ""
                },
                "files": [
                    "bootstrap.php"
                ]
            },
            "notification-url": "https://packagist.org/downloads/",
            "license": [
                "MIT"
            ],
            "authors": [
                {
                    "name": "Nicolas Grekas",
                    "email": "p@tchwork.com"
                },
                {
                    "name": "Symfony Community",
                    "homepage": "https://symfony.com/contributors"
                }
            ],
            "description": "Symfony polyfill for the Mbstring extension",
            "homepage": "https://symfony.com",
            "keywords": [
                "compatibility",
                "mbstring",
                "polyfill",
                "portable",
                "shim"
            ],
            "time": "2020-01-13T11:15:53+00:00"
        },
        {
            "name": "symfony/polyfill-php73",
            "version": "dev-master",
            "source": {
                "type": "git",
                "url": "https://github.com/symfony/polyfill-php73.git",
                "reference": "5e66a0fa1070bf46bec4bea7962d285108edd675"
            },
            "dist": {
                "type": "zip",
                "url": "https://api.github.com/repos/symfony/polyfill-php73/zipball/5e66a0fa1070bf46bec4bea7962d285108edd675",
                "reference": "5e66a0fa1070bf46bec4bea7962d285108edd675",
                "shasum": ""
            },
            "require": {
                "php": ">=5.3.3"
            },
            "type": "library",
            "extra": {
                "branch-alias": {
                    "dev-master": "1.14-dev"
                }
            },
            "autoload": {
                "psr-4": {
                    "Symfony\\Polyfill\\Php73\\": ""
                },
                "files": [
                    "bootstrap.php"
                ],
                "classmap": [
                    "Resources/stubs"
                ]
            },
            "notification-url": "https://packagist.org/downloads/",
            "license": [
                "MIT"
            ],
            "authors": [
                {
                    "name": "Nicolas Grekas",
                    "email": "p@tchwork.com"
                },
                {
                    "name": "Symfony Community",
                    "homepage": "https://symfony.com/contributors"
                }
            ],
            "description": "Symfony polyfill backporting some PHP 7.3+ features to lower PHP versions",
            "homepage": "https://symfony.com",
            "keywords": [
                "compatibility",
                "polyfill",
                "portable",
                "shim"
            ],
            "time": "2020-01-13T11:15:53+00:00"
        },
        {
            "name": "symfony/service-contracts",
            "version": "dev-master",
            "source": {
                "type": "git",
                "url": "https://github.com/symfony/service-contracts.git",
                "reference": "ac2466b187c8836b559155d5a041050303f309c6"
            },
            "dist": {
                "type": "zip",
                "url": "https://api.github.com/repos/symfony/service-contracts/zipball/ac2466b187c8836b559155d5a041050303f309c6",
                "reference": "ac2466b187c8836b559155d5a041050303f309c6",
                "shasum": ""
            },
            "require": {
                "php": "^7.2.5",
                "psr/container": "^1.0"
            },
            "suggest": {
                "symfony/service-implementation": ""
            },
            "type": "library",
            "extra": {
                "branch-alias": {
                    "dev-master": "2.0-dev"
                }
            },
            "autoload": {
                "psr-4": {
                    "Symfony\\Contracts\\Service\\": ""
                }
            },
            "notification-url": "https://packagist.org/downloads/",
            "license": [
                "MIT"
            ],
            "authors": [
                {
                    "name": "Nicolas Grekas",
                    "email": "p@tchwork.com"
                },
                {
                    "name": "Symfony Community",
                    "homepage": "https://symfony.com/contributors"
                }
            ],
            "description": "Generic abstractions related to writing services",
            "homepage": "https://symfony.com",
            "keywords": [
                "abstractions",
                "contracts",
                "decoupling",
                "interfaces",
                "interoperability",
                "standards"
            ],
            "time": "2020-01-04T14:08:26+00:00"
        },
        {
            "name": "symfony/yaml",
            "version": "dev-master",
            "source": {
                "type": "git",
                "url": "https://github.com/symfony/yaml.git",
                "reference": "0c7023a90e80d7819bb03483c027f3dee963b42a"
            },
            "dist": {
                "type": "zip",
                "url": "https://api.github.com/repos/symfony/yaml/zipball/0c7023a90e80d7819bb03483c027f3dee963b42a",
                "reference": "0c7023a90e80d7819bb03483c027f3dee963b42a",
                "shasum": ""
            },
            "require": {
                "php": "^7.2.5",
                "symfony/deprecation-contracts": "^2.1",
                "symfony/polyfill-ctype": "~1.8"
            },
            "conflict": {
                "symfony/console": "<4.4"
            },
            "require-dev": {
                "symfony/console": "^4.4|^5.0"
            },
            "suggest": {
                "symfony/console": "For validating YAML files using the lint command"
            },
            "bin": [
                "Resources/bin/yaml-lint"
            ],
            "type": "library",
            "extra": {
                "branch-alias": {
                    "dev-master": "5.1-dev"
                }
            },
            "autoload": {
                "psr-4": {
                    "Symfony\\Component\\Yaml\\": ""
                },
                "exclude-from-classmap": [
                    "/Tests/"
                ]
            },
            "notification-url": "https://packagist.org/downloads/",
            "license": [
                "MIT"
            ],
            "authors": [
                {
                    "name": "Fabien Potencier",
                    "email": "fabien@symfony.com"
                },
                {
                    "name": "Symfony Community",
                    "homepage": "https://symfony.com/contributors"
                }
            ],
            "description": "Symfony Yaml Component",
            "homepage": "https://symfony.com",
            "time": "2020-02-08T14:04:50+00:00"
        }
    ],
    "aliases": [],
    "minimum-stability": "dev",
    "stability-flags": {
        "phing/phing": 20
    },
    "prefer-stable": false,
    "prefer-lowest": false,
    "platform": [],
    "platform-dev": []
}
